
Microsoft Visual Studio Solution File, Format Version 12.00
# Visual Studio Version 16
VisualStudioVersion = 16.0.31515.178
MinimumVisualStudioVersion = 10.0.40219.1
Project("{2150E333-8FDC-42A3-9474-1A3956D46DE8}") = "src", "src", "{7D44EA0E-7D0B-41F6-96B4-AEE61FB391B4}"
EndProject
Project("{2150E333-8FDC-42A3-9474-1A3956D46DE8}") = "Services", "Services", "{2A4AB58A-F7FF-4EAF-BAF7-9967E8D2DEE6}"
EndProject
Project("{2150E333-8FDC-42A3-9474-1A3956D46DE8}") = "TranslationTool", "TranslationTool", "{CD8DEFBC-2677-456D-B99E-D4A11470030A}"
EndProject
Project("{2150E333-8FDC-42A3-9474-1A3956D46DE8}") = "tests", "tests", "{DBF7167D-37D2-4FEA-BCCC-9895FE67B1D1}"
EndProject
Project("{2150E333-8FDC-42A3-9474-1A3956D46DE8}") = "Web Apps", "Web Apps", "{A43A3177-7558-4123-A21B-589DE041A70E}"
EndProject
Project("{2150E333-8FDC-42A3-9474-1A3956D46DE8}") = "tests", "tests", "{93C0D0F0-1D0B-4C37-9902-984E40C68455}"
EndProject
Project("{2150E333-8FDC-42A3-9474-1A3956D46DE8}") = "Solution Items", "Solution Items", "{BE5A90C2-A7D1-4E16-9740-E7B8E8EFB932}"
	ProjectSection(SolutionItems) = preProject
		Readme.old.txt = Readme.old.txt
		Readme.txt = Readme.txt
	EndProjectSection
EndProject
Project("{9A19103F-16F7-4668-BE54-9A1E7A4F7556}") = "MachineTranslationTool.API", "MachineTranslationTool.API\MachineTranslationTool.API.csproj", "{0B670F02-2AA8-40A3-95E6-6E81412DAF2D}"
EndProject
Project("{2150E333-8FDC-42A3-9474-1A3956D46DE8}") = "Binaries", "Binaries", "{95813BF0-2ABA-4AE0-A302-1CDAE08F85E3}"
	ProjectSection(SolutionItems) = preProject
		Binaries\python-3.9.6-amd64.exe = Binaries\python-3.9.6-amd64.exe
	EndProjectSection
EndProject
Project("{2150E333-8FDC-42A3-9474-1A3956D46DE8}") = "Infrastructure", "Infrastructure", "{1C93CE20-B809-4251-A6E5-69161DB99AA3}"
EndProject
Project("{9A19103F-16F7-4668-BE54-9A1E7A4F7556}") = "TranslationApis", "Instrastructure\TranslationApis\TranslationApis.csproj", "{556DDF74-0D59-4CAC-8425-1EA0445992A3}"
EndProject
Project("{2150E333-8FDC-42A3-9474-1A3956D46DE8}") = "Domain", "Domain", "{BAE94F0B-AC2A-4C01-9F2F-1F55AC4D10FF}"
EndProject
Project("{9A19103F-16F7-4668-BE54-9A1E7A4F7556}") = "Domain.Shared", "Domain\Domain.Shared\Domain.Shared.csproj", "{B9455257-80C1-49F4-A4CE-327020F4650D}"
EndProject
Project("{2150E333-8FDC-42A3-9474-1A3956D46DE8}") = "Application", "Application", "{9BB71BD1-F1F1-4D36-BED2-8CBB6521409F}"
EndProject
Project("{9A19103F-16F7-4668-BE54-9A1E7A4F7556}") = "CustomExceptions", "Application\CustomExceptions\CustomExceptions.csproj", "{723DEECC-7C4F-4A7A-9E57-1A06E04F766F}"
EndProject
Project("{9A19103F-16F7-4668-BE54-9A1E7A4F7556}") = "Validators", "Application\Validators\Validators.csproj", "{8A9FB8C2-045C-4AED-917E-99FB57E21A30}"
EndProject
Project("{2150E333-8FDC-42A3-9474-1A3956D46DE8}") = "Application", "Application", "{2AA020D9-B416-44D7-8B51-44E11A40FC78}"
EndProject
Project("{9A19103F-16F7-4668-BE54-9A1E7A4F7556}") = "ApplicationUnitTests", "Application\Tests\UnitTests\ApplicationUnitTests.csproj", "{23E2FC6D-F91F-4957-B906-A4369423C42B}"
EndProject
Project("{2150E333-8FDC-42A3-9474-1A3956D46DE8}") = "MachineTranslationTool.API", "MachineTranslationTool.API", "{ADE836F3-EF43-4037-9748-B9AAC36BD8DA}"
EndProject
Project("{9A19103F-16F7-4668-BE54-9A1E7A4F7556}") = "ServicesTests", "MachineTranslationTool.API.Tests\ServicesTests\ServicesTests.csproj", "{FB211FDC-00AA-43CA-92D5-BE3B2ACD0AD0}"
EndProject
Project("{9A19103F-16F7-4668-BE54-9A1E7A4F7556}") = "ServiceTests.BDD", "MachineTranslationTool.API.Tests\ServiceTests.BDD\ServiceTests.BDD.csproj", "{9D9F14DF-3083-4773-91DC-D6196B4E4416}"
EndProject
Global
	GlobalSection(SolutionConfigurationPlatforms) = preSolution
		Debug|Any CPU = Debug|Any CPU
		Release|Any CPU = Release|Any CPU
	EndGlobalSection
	GlobalSection(ProjectConfigurationPlatforms) = postSolution
		{0B670F02-2AA8-40A3-95E6-6E81412DAF2D}.Debug|Any CPU.ActiveCfg = Debug|Any CPU
		{0B670F02-2AA8-40A3-95E6-6E81412DAF2D}.Debug|Any CPU.Build.0 = Debug|Any CPU
		{0B670F02-2AA8-40A3-95E6-6E81412DAF2D}.Release|Any CPU.ActiveCfg = Release|Any CPU
		{0B670F02-2AA8-40A3-95E6-6E81412DAF2D}.Release|Any CPU.Build.0 = Release|Any CPU
		{556DDF74-0D59-4CAC-8425-1EA0445992A3}.Debug|Any CPU.ActiveCfg = Debug|Any CPU
		{556DDF74-0D59-4CAC-8425-1EA0445992A3}.Debug|Any CPU.Build.0 = Debug|Any CPU
		{556DDF74-0D59-4CAC-8425-1EA0445992A3}.Release|Any CPU.ActiveCfg = Release|Any CPU
		{556DDF74-0D59-4CAC-8425-1EA0445992A3}.Release|Any CPU.Build.0 = Release|Any CPU
		{B9455257-80C1-49F4-A4CE-327020F4650D}.Debug|Any CPU.ActiveCfg = Debug|Any CPU
		{B9455257-80C1-49F4-A4CE-327020F4650D}.Debug|Any CPU.Build.0 = Debug|Any CPU
		{B9455257-80C1-49F4-A4CE-327020F4650D}.Release|Any CPU.ActiveCfg = Release|Any CPU
		{B9455257-80C1-49F4-A4CE-327020F4650D}.Release|Any CPU.Build.0 = Release|Any CPU
		{723DEECC-7C4F-4A7A-9E57-1A06E04F766F}.Debug|Any CPU.ActiveCfg = Debug|Any CPU
		{723DEECC-7C4F-4A7A-9E57-1A06E04F766F}.Debug|Any CPU.Build.0 = Debug|Any CPU
		{723DEECC-7C4F-4A7A-9E57-1A06E04F766F}.Release|Any CPU.ActiveCfg = Release|Any CPU
		{723DEECC-7C4F-4A7A-9E57-1A06E04F766F}.Release|Any CPU.Build.0 = Release|Any CPU
		{8A9FB8C2-045C-4AED-917E-99FB57E21A30}.Debug|Any CPU.ActiveCfg = Debug|Any CPU
		{8A9FB8C2-045C-4AED-917E-99FB57E21A30}.Debug|Any CPU.Build.0 = Debug|Any CPU
		{8A9FB8C2-045C-4AED-917E-99FB57E21A30}.Release|Any CPU.ActiveCfg = Release|Any CPU
		{8A9FB8C2-045C-4AED-917E-99FB57E21A30}.Release|Any CPU.Build.0 = Release|Any CPU
		{23E2FC6D-F91F-4957-B906-A4369423C42B}.Debug|Any CPU.ActiveCfg = Debug|Any CPU
		{23E2FC6D-F91F-4957-B906-A4369423C42B}.Debug|Any CPU.Build.0 = Debug|Any CPU
		{23E2FC6D-F91F-4957-B906-A4369423C42B}.Release|Any CPU.ActiveCfg = Release|Any CPU
		{23E2FC6D-F91F-4957-B906-A4369423C42B}.Release|Any CPU.Build.0 = Release|Any CPU
		{FB211FDC-00AA-43CA-92D5-BE3B2ACD0AD0}.Debug|Any CPU.ActiveCfg = Debug|Any CPU
		{FB211FDC-00AA-43CA-92D5-BE3B2ACD0AD0}.Debug|Any CPU.Build.0 = Debug|Any CPU
		{FB211FDC-00AA-43CA-92D5-BE3B2ACD0AD0}.Release|Any CPU.ActiveCfg = Release|Any CPU
		{FB211FDC-00AA-43CA-92D5-BE3B2ACD0AD0}.Release|Any CPU.Build.0 = Release|Any CPU
		{9D9F14DF-3083-4773-91DC-D6196B4E4416}.Debug|Any CPU.ActiveCfg = Debug|Any CPU
		{9D9F14DF-3083-4773-91DC-D6196B4E4416}.Debug|Any CPU.Build.0 = Debug|Any CPU
		{9D9F14DF-3083-4773-91DC-D6196B4E4416}.Release|Any CPU.ActiveCfg = Release|Any CPU
		{9D9F14DF-3083-4773-91DC-D6196B4E4416}.Release|Any CPU.Build.0 = Release|Any CPU
	EndGlobalSection
	GlobalSection(SolutionProperties) = preSolution
		HideSolutionNode = FALSE
	EndGlobalSection
	GlobalSection(NestedProjects) = preSolution
		{2A4AB58A-F7FF-4EAF-BAF7-9967E8D2DEE6} = {7D44EA0E-7D0B-41F6-96B4-AEE61FB391B4}
		{CD8DEFBC-2677-456D-B99E-D4A11470030A} = {2A4AB58A-F7FF-4EAF-BAF7-9967E8D2DEE6}
		{DBF7167D-37D2-4FEA-BCCC-9895FE67B1D1} = {CD8DEFBC-2677-456D-B99E-D4A11470030A}
		{A43A3177-7558-4123-A21B-589DE041A70E} = {7D44EA0E-7D0B-41F6-96B4-AEE61FB391B4}
		{93C0D0F0-1D0B-4C37-9902-984E40C68455} = {7D44EA0E-7D0B-41F6-96B4-AEE61FB391B4}
		{0B670F02-2AA8-40A3-95E6-6E81412DAF2D} = {CD8DEFBC-2677-456D-B99E-D4A11470030A}
		{95813BF0-2ABA-4AE0-A302-1CDAE08F85E3} = {BE5A90C2-A7D1-4E16-9740-E7B8E8EFB932}
		{1C93CE20-B809-4251-A6E5-69161DB99AA3} = {7D44EA0E-7D0B-41F6-96B4-AEE61FB391B4}
		{556DDF74-0D59-4CAC-8425-1EA0445992A3} = {1C93CE20-B809-4251-A6E5-69161DB99AA3}
		{BAE94F0B-AC2A-4C01-9F2F-1F55AC4D10FF} = {7D44EA0E-7D0B-41F6-96B4-AEE61FB391B4}
		{B9455257-80C1-49F4-A4CE-327020F4650D} = {BAE94F0B-AC2A-4C01-9F2F-1F55AC4D10FF}
		{9BB71BD1-F1F1-4D36-BED2-8CBB6521409F} = {7D44EA0E-7D0B-41F6-96B4-AEE61FB391B4}
		{723DEECC-7C4F-4A7A-9E57-1A06E04F766F} = {9BB71BD1-F1F1-4D36-BED2-8CBB6521409F}
		{8A9FB8C2-045C-4AED-917E-99FB57E21A30} = {9BB71BD1-F1F1-4D36-BED2-8CBB6521409F}
		{2AA020D9-B416-44D7-8B51-44E11A40FC78} = {93C0D0F0-1D0B-4C37-9902-984E40C68455}
		{23E2FC6D-F91F-4957-B906-A4369423C42B} = {2AA020D9-B416-44D7-8B51-44E11A40FC78}
		{ADE836F3-EF43-4037-9748-B9AAC36BD8DA} = {DBF7167D-37D2-4FEA-BCCC-9895FE67B1D1}
		{FB211FDC-00AA-43CA-92D5-BE3B2ACD0AD0} = {ADE836F3-EF43-4037-9748-B9AAC36BD8DA}
		{9D9F14DF-3083-4773-91DC-D6196B4E4416} = {ADE836F3-EF43-4037-9748-B9AAC36BD8DA}
	EndGlobalSection
	GlobalSection(ExtensibilityGlobals) = postSolution
		SolutionGuid = {7D2EF3FF-0C62-49F5-853E-CBE3D1977DDA}
	EndGlobalSection
EndGlobal
